{
  "name": "process-instance-viz",
  "version": "0.0.1",
  "lockfileVersion": 1,
  "requires": true,
  "dependencies": {
    "preact": {
      "version": "10.5.4",
      "resolved": "https://registry.npmjs.org/preact/-/preact-10.5.4.tgz",
      "integrity": "sha512-u0LnVtL9WWF61RLzIbEsVFOdsahoTQkQqeRwyf4eWuLMFrxTH/C47tqcnizbUH54E4KG8UzuuZaMc9KarHmpqQ=="
    },
    "preact-custom-element": {
      "version": "4.2.1",
      "resolved": "https://registry.npmjs.org/preact-custom-element/-/preact-custom-element-4.2.1.tgz",
      "integrity": "sha512-/fiEEAyC+MXRlCBRmv/owoN5BLpO2nF/MF3YBHLtp4C2lNqlhV+a4he74A5DhfDoRmxDHm0sYVgQzWFEyzTDsw=="
    },
    "tslib": {
      "version": "2.0.3",
      "resolved": "https://registry.npmjs.org/tslib/-/tslib-2.0.3.tgz",
      "integrity": "sha512-uZtkfKblCEQtZKBF6EBXVZeQNl82yqtDQdv+eck8u7tdPxjLu2/lp5/uPW+um2tpuxINHWy3GhiccY7QgEaVHQ=="
    },
    "typescript": {
      "version": "4.0.3",
      "resolved": "https://registry.npmjs.org/typescript/-/typescript-4.0.3.tgz",
      "integrity": "sha512-tEu6DGxGgRJPb/mVPIZ48e69xCn2yRmCgYmDugAVwmJ6o+0u1RI18eO7E7WBTLYLaEVVOhwQmcdhQHweux/WPg==",
      "dev": true
    }
  }
}
